
Microsoft Visual Studio Solution File, Format Version 12.00
# Visual Studio Version 17
VisualStudioVersion = 17.8.34309.116
MinimumVisualStudioVersion = 10.0.40219.1
Project("{8BC9CEB8-8B4A-11D0-8D11-00A0C91BC942}") = "PM1_01_01", "PM1_01_01.vcxproj", "{7919B7BB-7E02-4F9F-B520-A0FFB8C5123E}"
EndProject
Global
	GlobalSection(SolutionConfigurationPlatforms) = preSolution
		Debug|x64 = Debug|x64
		Debug|x86 = Debug|x86
		Release|x64 = Release|x64
		Release|x86 = Release|x86
	EndGlobalSection
	GlobalSection(ProjectConfigurationPlatforms) = postSolution
		{7919B7BB-7E02-4F9F-B520-A0FFB8C5123E}.Debug|x64.ActiveCfg = Debug|x64
		{7919B7BB-7E02-4F9F-B520-A0FFB8C5123E}.Debug|x64.Build.0 = Debug|x64
		{7919B7BB-7E02-4F9F-B520-A0FFB8C5123E}.Debug|x86.ActiveCfg = Debug|Win32
		{7919B7BB-7E02-4F9F-B520-A0FFB8C5123E}.Debug|x86.Build.0 = Debug|Win32
		{7919B7BB-7E02-4F9F-B520-A0FFB8C5123E}.Release|x64.ActiveCfg = Release|x64
		{7919B7BB-7E02-4F9F-B520-A0FFB8C5123E}.Release|x64.Build.0 = Release|x64
		{7919B7BB-7E02-4F9F-B520-A0FFB8C5123E}.Release|x86.ActiveCfg = Release|Win32
		{7919B7BB-7E02-4F9F-B520-A0FFB8C5123E}.Release|x86.Build.0 = Release|Win32
	EndGlobalSection
	GlobalSection(SolutionProperties) = preSolution
		HideSolutionNode = FALSE
	EndGlobalSection
	GlobalSection(ExtensibilityGlobals) = postSolution
		SolutionGuid = {ADD30645-75BE-459B-AD6C-B1905FC8840A}
	EndGlobalSection
EndGlobal
